
Microsoft Visual Studio Solution File, Format Version 12.00
# Visual Studio Version 17
VisualStudioVersion = 17.14.36414.22 d17.14
MinimumVisualStudioVersion = 10.0.40219.1
Project("{FAE04EC0-301F-11D3-BF4B-00C04F79EFBC}") = "HTTP", "HTTP\HTTP.csproj", "{9E014AEE-5DFE-470B-B59D-A548F2E7CD93}"
EndProject
Global
	GlobalSection(SolutionConfigurationPlatforms) = preSolution
		Debug|Any CPU = Debug|Any CPU
		Release|Any CPU = Release|Any CPU
	EndGlobalSection
	GlobalSection(ProjectConfigurationPlatforms) = postSolution
		{9E014AEE-5DFE-470B-B59D-A548F2E7CD93}.Debug|Any CPU.ActiveCfg = Debug|Any CPU
		{9E014AEE-5DFE-470B-B59D-A548F2E7CD93}.Debug|Any CPU.Build.0 = Debug|Any CPU
		{9E014AEE-5DFE-470B-B59D-A548F2E7CD93}.Release|Any CPU.ActiveCfg = Release|Any CPU
		{9E014AEE-5DFE-470B-B59D-A548F2E7CD93}.Release|Any CPU.Build.0 = Release|Any CPU
	EndGlobalSection
	GlobalSection(SolutionProperties) = preSolution
		HideSolutionNode = FALSE
	EndGlobalSection
	GlobalSection(ExtensibilityGlobals) = postSolution
		SolutionGuid = {FEF91020-BABA-43E8-9040-1FA8AC04B904}
	EndGlobalSection
EndGlobal
