
Microsoft Visual Studio Solution File, Format Version 12.00
# Visual Studio Version 17
VisualStudioVersion = 17.14.36429.23 d17.14
MinimumVisualStudioVersion = 10.0.40219.1
Project("{FAE04EC0-301F-11D3-BF4B-00C04F79EFBC}") = "Interface", "Interface\Interface.csproj", "{5F2015B7-176A-4620-8AFD-1D1912A28C73}"
EndProject
Global
	GlobalSection(SolutionConfigurationPlatforms) = preSolution
		Debug|Any CPU = Debug|Any CPU
		Release|Any CPU = Release|Any CPU
	EndGlobalSection
	GlobalSection(ProjectConfigurationPlatforms) = postSolution
		{5F2015B7-176A-4620-8AFD-1D1912A28C73}.Debug|Any CPU.ActiveCfg = Debug|Any CPU
		{5F2015B7-176A-4620-8AFD-1D1912A28C73}.Debug|Any CPU.Build.0 = Debug|Any CPU
		{5F2015B7-176A-4620-8AFD-1D1912A28C73}.Release|Any CPU.ActiveCfg = Release|Any CPU
		{5F2015B7-176A-4620-8AFD-1D1912A28C73}.Release|Any CPU.Build.0 = Release|Any CPU
	EndGlobalSection
	GlobalSection(SolutionProperties) = preSolution
		HideSolutionNode = FALSE
	EndGlobalSection
	GlobalSection(ExtensibilityGlobals) = postSolution
		SolutionGuid = {FC1C040E-FA60-498A-8987-17D2CA4AE6D1}
	EndGlobalSection
EndGlobal
