
Microsoft Visual Studio Solution File, Format Version 12.00
# Visual Studio Version 17
VisualStudioVersion = 17.14.36414.22 d17.14
MinimumVisualStudioVersion = 10.0.40219.1
Project("{FAE04EC0-301F-11D3-BF4B-00C04F79EFBC}") = "13_Vetores", "13_Vetores\13_Vetores.csproj", "{3CD30D38-87C5-47AE-A19D-0C8D9D71A5F4}"
EndProject
Global
	GlobalSection(SolutionConfigurationPlatforms) = preSolution
		Debug|Any CPU = Debug|Any CPU
		Release|Any CPU = Release|Any CPU
	EndGlobalSection
	GlobalSection(ProjectConfigurationPlatforms) = postSolution
		{3CD30D38-87C5-47AE-A19D-0C8D9D71A5F4}.Debug|Any CPU.ActiveCfg = Debug|Any CPU
		{3CD30D38-87C5-47AE-A19D-0C8D9D71A5F4}.Debug|Any CPU.Build.0 = Debug|Any CPU
		{3CD30D38-87C5-47AE-A19D-0C8D9D71A5F4}.Release|Any CPU.ActiveCfg = Release|Any CPU
		{3CD30D38-87C5-47AE-A19D-0C8D9D71A5F4}.Release|Any CPU.Build.0 = Release|Any CPU
	EndGlobalSection
	GlobalSection(SolutionProperties) = preSolution
		HideSolutionNode = FALSE
	EndGlobalSection
	GlobalSection(ExtensibilityGlobals) = postSolution
		SolutionGuid = {7D8C0727-975D-40DB-8048-F4C6E25D9999}
	EndGlobalSection
EndGlobal
