
Microsoft Visual Studio Solution File, Format Version 12.00
# Visual Studio Version 17
VisualStudioVersion = 17.14.36429.23 d17.14
MinimumVisualStudioVersion = 10.0.40219.1
Project("{FAE04EC0-301F-11D3-BF4B-00C04F79EFBC}") = "27_Manipulando Arquivos", "27_Manipulando Arquivos\27_Manipulando Arquivos.csproj", "{7A5CFEF8-07A1-4D98-BECF-FE7F1A390276}"
EndProject
Global
	GlobalSection(SolutionConfigurationPlatforms) = preSolution
		Debug|Any CPU = Debug|Any CPU
		Release|Any CPU = Release|Any CPU
	EndGlobalSection
	GlobalSection(ProjectConfigurationPlatforms) = postSolution
		{7A5CFEF8-07A1-4D98-BECF-FE7F1A390276}.Debug|Any CPU.ActiveCfg = Debug|Any CPU
		{7A5CFEF8-07A1-4D98-BECF-FE7F1A390276}.Debug|Any CPU.Build.0 = Debug|Any CPU
		{7A5CFEF8-07A1-4D98-BECF-FE7F1A390276}.Release|Any CPU.ActiveCfg = Release|Any CPU
		{7A5CFEF8-07A1-4D98-BECF-FE7F1A390276}.Release|Any CPU.Build.0 = Release|Any CPU
	EndGlobalSection
	GlobalSection(SolutionProperties) = preSolution
		HideSolutionNode = FALSE
	EndGlobalSection
	GlobalSection(ExtensibilityGlobals) = postSolution
		SolutionGuid = {55268470-FB87-4C7A-9559-47B014862D41}
	EndGlobalSection
EndGlobal
