
Microsoft Visual Studio Solution File, Format Version 12.00
# Visual Studio Version 17
VisualStudioVersion = 17.14.36310.24 d17.14
MinimumVisualStudioVersion = 10.0.40219.1
Project("{FAE04EC0-301F-11D3-BF4B-00C04F79EFBC}") = "Polimorfismo em Herança", "Polimorfismo em Herança\Polimorfismo em Herança.csproj", "{F9705B25-06AA-4858-8B43-5FF9A24F4ADE}"
EndProject
Global
	GlobalSection(SolutionConfigurationPlatforms) = preSolution
		Debug|Any CPU = Debug|Any CPU
		Release|Any CPU = Release|Any CPU
	EndGlobalSection
	GlobalSection(ProjectConfigurationPlatforms) = postSolution
		{F9705B25-06AA-4858-8B43-5FF9A24F4ADE}.Debug|Any CPU.ActiveCfg = Debug|Any CPU
		{F9705B25-06AA-4858-8B43-5FF9A24F4ADE}.Debug|Any CPU.Build.0 = Debug|Any CPU
		{F9705B25-06AA-4858-8B43-5FF9A24F4ADE}.Release|Any CPU.ActiveCfg = Release|Any CPU
		{F9705B25-06AA-4858-8B43-5FF9A24F4ADE}.Release|Any CPU.Build.0 = Release|Any CPU
	EndGlobalSection
	GlobalSection(SolutionProperties) = preSolution
		HideSolutionNode = FALSE
	EndGlobalSection
	GlobalSection(ExtensibilityGlobals) = postSolution
		SolutionGuid = {59796F79-89F3-4A87-AD84-AD9A4818B526}
	EndGlobalSection
EndGlobal
