
Microsoft Visual Studio Solution File, Format Version 12.00
# Visual Studio Version 17
VisualStudioVersion = 17.14.36414.22 d17.14
MinimumVisualStudioVersion = 10.0.40219.1
Project("{FAE04EC0-301F-11D3-BF4B-00C04F79EFBC}") = "17_Matriz", "17_Matriz\17_Matriz.csproj", "{9D4F7D8C-DB48-4BA1-BF88-C8BEBE0845D6}"
EndProject
Global
	GlobalSection(SolutionConfigurationPlatforms) = preSolution
		Debug|Any CPU = Debug|Any CPU
		Release|Any CPU = Release|Any CPU
	EndGlobalSection
	GlobalSection(ProjectConfigurationPlatforms) = postSolution
		{9D4F7D8C-DB48-4BA1-BF88-C8BEBE0845D6}.Debug|Any CPU.ActiveCfg = Debug|Any CPU
		{9D4F7D8C-DB48-4BA1-BF88-C8BEBE0845D6}.Debug|Any CPU.Build.0 = Debug|Any CPU
		{9D4F7D8C-DB48-4BA1-BF88-C8BEBE0845D6}.Release|Any CPU.ActiveCfg = Release|Any CPU
		{9D4F7D8C-DB48-4BA1-BF88-C8BEBE0845D6}.Release|Any CPU.Build.0 = Release|Any CPU
	EndGlobalSection
	GlobalSection(SolutionProperties) = preSolution
		HideSolutionNode = FALSE
	EndGlobalSection
	GlobalSection(ExtensibilityGlobals) = postSolution
		SolutionGuid = {F473C57B-3CD2-46F9-8D8A-37D2742FFA3A}
	EndGlobalSection
EndGlobal
