
Microsoft Visual Studio Solution File, Format Version 12.00
# Visual Studio Version 17
VisualStudioVersion = 17.14.36429.23 d17.14
MinimumVisualStudioVersion = 10.0.40219.1
Project("{FAE04EC0-301F-11D3-BF4B-00C04F79EFBC}") = "30_LocadoraVeiculos_Sem_Interface", "30_LocadoraVeiculos_Sem_Interface\30_LocadoraVeiculos_Sem_Interface.csproj", "{BC29C0E9-314A-4680-A32E-7516E04261E2}"
EndProject
Global
	GlobalSection(SolutionConfigurationPlatforms) = preSolution
		Debug|Any CPU = Debug|Any CPU
		Release|Any CPU = Release|Any CPU
	EndGlobalSection
	GlobalSection(ProjectConfigurationPlatforms) = postSolution
		{BC29C0E9-314A-4680-A32E-7516E04261E2}.Debug|Any CPU.ActiveCfg = Debug|Any CPU
		{BC29C0E9-314A-4680-A32E-7516E04261E2}.Debug|Any CPU.Build.0 = Debug|Any CPU
		{BC29C0E9-314A-4680-A32E-7516E04261E2}.Release|Any CPU.ActiveCfg = Release|Any CPU
		{BC29C0E9-314A-4680-A32E-7516E04261E2}.Release|Any CPU.Build.0 = Release|Any CPU
	EndGlobalSection
	GlobalSection(SolutionProperties) = preSolution
		HideSolutionNode = FALSE
	EndGlobalSection
	GlobalSection(ExtensibilityGlobals) = postSolution
		SolutionGuid = {07238F06-1F15-4E36-A14D-2C288C63B64A}
	EndGlobalSection
EndGlobal
