
Microsoft Visual Studio Solution File, Format Version 12.00
# Visual Studio Version 17
VisualStudioVersion = 17.14.36310.24 d17.14
MinimumVisualStudioVersion = 10.0.40219.1
Project("{FAE04EC0-301F-11D3-BF4B-00C04F79EFBC}") = "Exercicios Estruturas de Repetição", "Exercicios Estruturas de Repetição\Exercicios Estruturas de Repetição.csproj", "{3046FFCE-3797-44F1-9A67-EFCD7FB2C18E}"
EndProject
Global
	GlobalSection(SolutionConfigurationPlatforms) = preSolution
		Debug|Any CPU = Debug|Any CPU
		Release|Any CPU = Release|Any CPU
	EndGlobalSection
	GlobalSection(ProjectConfigurationPlatforms) = postSolution
		{3046FFCE-3797-44F1-9A67-EFCD7FB2C18E}.Debug|Any CPU.ActiveCfg = Debug|Any CPU
		{3046FFCE-3797-44F1-9A67-EFCD7FB2C18E}.Debug|Any CPU.Build.0 = Debug|Any CPU
		{3046FFCE-3797-44F1-9A67-EFCD7FB2C18E}.Release|Any CPU.ActiveCfg = Release|Any CPU
		{3046FFCE-3797-44F1-9A67-EFCD7FB2C18E}.Release|Any CPU.Build.0 = Release|Any CPU
	EndGlobalSection
	GlobalSection(SolutionProperties) = preSolution
		HideSolutionNode = FALSE
	EndGlobalSection
	GlobalSection(ExtensibilityGlobals) = postSolution
		SolutionGuid = {6036FBAD-621A-42EC-8AE8-F7ED07301F15}
	EndGlobalSection
EndGlobal
